{
  "name": "examples",
  "version": "1.0.0",
  "lockfileVersion": 1,
  "requires": true,
  "dependencies": {
    "@tonaljs/abc-notation": {
      "version": "3.5.5",
      "resolved": "https://registry.npmjs.org/@tonaljs/abc-notation/-/abc-notation-3.5.5.tgz",
      "integrity": "sha512-VwYS/u2MJl6hYWF3N7G+QFp0plqjsu0170jcuy+1Gk1lsk6kOrn7Zb845M5YYv9JzjPOjA4Qm0fRXYcMKadayQ==",
      "requires": {
        "@tonaljs/core": "^3.5.4"
      }
    },
    "@tonaljs/array": {
      "version": "3.2.9",
      "resolved": "https://registry.npmjs.org/@tonaljs/array/-/array-3.2.9.tgz",
      "integrity": "sha512-eJTCGsHDy/9IHMN1qHdceaWTLH2okPXRlAlpycqPd0rCP5G7XL8hWO4eu9ck/oNFTw2CNGEbJQtl0iEpnm/oYw==",
      "requires": {
        "@tonaljs/core": "^3.5.4"
      }
    },
    "@tonaljs/chord": {
      "version": "3.6.6",
      "resolved": "https://registry.npmjs.org/@tonaljs/chord/-/chord-3.6.6.tgz",
      "integrity": "sha512-J67o5pjS0ZhEn9lZEyfmT3hPxpcndbRNuR22hGIaSiYlLrVDPql447HKJ3cMbMiyF6IECvnHTXUwd21zXohlNg==",
      "requires": {
        "@tonaljs/chord-detect": "^3.5.6",
        "@tonaljs/chord-type": "^3.5.6",
        "@tonaljs/collection": "^3.5.3",
        "@tonaljs/core": "^3.5.4",
        "@tonaljs/pcset": "^3.5.4",
        "@tonaljs/scale-type": "^3.5.5"
      }
    },
    "@tonaljs/chord-detect": {
      "version": "3.5.6",
      "resolved": "https://registry.npmjs.org/@tonaljs/chord-detect/-/chord-detect-3.5.6.tgz",
      "integrity": "sha512-evQB/2F58ivjFVlzrg7HAu22yNtKkbyjlfC7qJqxvcNRCaqN4D/tnbwJhC1CJXJ8li91s8zUUlLJUjfGV4a/Xw==",
      "requires": {
        "@tonaljs/chord-type": "^3.5.6",
        "@tonaljs/core": "^3.5.4",
        "@tonaljs/pcset": "^3.5.4"
      }
    },
    "@tonaljs/chord-type": {
      "version": "3.5.6",
      "resolved": "https://registry.npmjs.org/@tonaljs/chord-type/-/chord-type-3.5.6.tgz",
      "integrity": "sha512-vojYoHeObsgzZFwl0GHd7mA0Cdm/s9h0Fv3OMvP/9uDN2U96hi20evTY9K5AyMn6nOBsX+infNmARMcetPEj1Q==",
      "requires": {
        "@tonaljs/core": "^3.5.4",
        "@tonaljs/pcset": "^3.5.4"
      }
    },
    "@tonaljs/collection": {
      "version": "3.5.3",
      "resolved": "https://registry.npmjs.org/@tonaljs/collection/-/collection-3.5.3.tgz",
      "integrity": "sha512-RzEsHhbaZCAREWy0XuNRkHO//RgpoTw3FeWA7aeCyuVr2B36neLDnihBmo9T6KZBO/hSLcmPQy/NOEcvhsaVuA=="
    },
    "@tonaljs/core": {
      "version": "3.5.4",
      "resolved": "https://registry.npmjs.org/@tonaljs/core/-/core-3.5.4.tgz",
      "integrity": "sha512-Rhe7TKNmkOb9/Ilu1ByCI7jIEc0hztGbfHMtI7N5sIdAXVaVzz0WaZdEuPKnAYibS8IRsT5Jm3B/oAEy5CdQAQ=="
    },
    "@tonaljs/duration-value": {
      "version": "3.6.3",
      "resolved": "https://registry.npmjs.org/@tonaljs/duration-value/-/duration-value-3.6.3.tgz",
      "integrity": "sha512-y+jFjfb5Knu9QR+w8n3YnWqTaJmeDJr5SYLZZiG/BMvIr7BX40hma/F7IdQ6fi6e0gD+cm0VNCTlTDXVnUmdww=="
    },
    "@tonaljs/interval": {
      "version": "3.5.4",
      "resolved": "https://registry.npmjs.org/@tonaljs/interval/-/interval-3.5.4.tgz",
      "integrity": "sha512-cgbTL3SNpzRMXkFh93y3Qy4IXmZOGF12we1E6u4swzR1H1D3OsQrEugPoYzOhiIax3Q+mZ9vm9mgk/KWzCIhww==",
      "requires": {
        "@tonaljs/core": "^3.5.4"
      }
    },
    "@tonaljs/key": {
      "version": "4.0.2",
      "resolved": "https://registry.npmjs.org/@tonaljs/key/-/key-4.0.2.tgz",
      "integrity": "sha512-GNZpcdoHl6y8054lzkF2HKs0/7d1awr64vNAJZB+jEUSJh9vo9s8LUCgrXiFlswkKS02wPP3QKJThqfEiN4Hkg==",
      "requires": {
        "@tonaljs/core": "^3.5.4",
        "@tonaljs/note": "^3.6.0",
        "@tonaljs/roman-numeral": "^3.5.4"
      }
    },
    "@tonaljs/midi": {
      "version": "3.5.4",
      "resolved": "https://registry.npmjs.org/@tonaljs/midi/-/midi-3.5.4.tgz",
      "integrity": "sha512-Xtunz9cVWTI5hJ9OjGXYWwlbJwcrof/IsmshvYmZXQGOhtVY2PPhY3JSKfAVN+CLFOraEjVJ4/YEGoFutF+yJA==",
      "requires": {
        "@tonaljs/core": "^3.5.4"
      }
    },
    "@tonaljs/mode": {
      "version": "3.5.4",
      "resolved": "https://registry.npmjs.org/@tonaljs/mode/-/mode-3.5.4.tgz",
      "integrity": "sha512-iu3aFh62UPeNNrgGNLm/lvURx2L83E2+u78ESDjO86kYgSbkFKuK7D8MHynFSwFUmQCfw4+aOq9gHByuv5lz5A==",
      "requires": {
        "@tonaljs/core": "^3.5.4",
        "@tonaljs/pcset": "^3.5.4"
      }
    },
    "@tonaljs/note": {
      "version": "3.6.0",
      "resolved": "https://registry.npmjs.org/@tonaljs/note/-/note-3.6.0.tgz",
      "integrity": "sha512-riwAjPdQBa01uhCl0h+3vc0M3VW/NS982pg3k2ntKYiC8YsSRu0tR7yDtUbOWwMjaj8loAk68Snmm44mutiIdQ==",
      "requires": {
        "@tonaljs/core": "^3.5.4",
        "@tonaljs/midi": "^3.5.4"
      }
    },
    "@tonaljs/pcset": {
      "version": "3.5.4",
      "resolved": "https://registry.npmjs.org/@tonaljs/pcset/-/pcset-3.5.4.tgz",
      "integrity": "sha512-RaB1KJoq5ZhXuDEWPlf1NWi1Cwa67yUr43usDhw/abvvIyZAkEJ1jyg4Yiks29ua7zBeQSyrEU+leuKxFBTGcQ==",
      "requires": {
        "@tonaljs/collection": "^3.5.3",
        "@tonaljs/core": "^3.5.4"
      }
    },
    "@tonaljs/progression": {
      "version": "3.5.8",
      "resolved": "https://registry.npmjs.org/@tonaljs/progression/-/progression-3.5.8.tgz",
      "integrity": "sha512-QEHlQjIQH8OZodesJATL2cMHy20MdiB7mRgVmHmu/YqW//cTZj6xGDW1YBpQ4JiF6CSQE9gHDLyZOApNOwQ4DA==",
      "requires": {
        "@tonaljs/chord": "^3.6.6",
        "@tonaljs/core": "^3.5.4",
        "@tonaljs/roman-numeral": "^3.5.4"
      }
    },
    "@tonaljs/range": {
      "version": "3.5.4",
      "resolved": "https://registry.npmjs.org/@tonaljs/range/-/range-3.5.4.tgz",
      "integrity": "sha512-02sujp3/dulwZYKb/NJ5zrkoQwigNVg7ChQoAcKhEzPCaYFRAy1eaI+W375DVdoNgpshxy8MOyArdN1gP60nJA==",
      "requires": {
        "@tonaljs/collection": "^3.5.3",
        "@tonaljs/midi": "^3.5.4"
      }
    },
    "@tonaljs/roman-numeral": {
      "version": "3.5.4",
      "resolved": "https://registry.npmjs.org/@tonaljs/roman-numeral/-/roman-numeral-3.5.4.tgz",
      "integrity": "sha512-jwN8lTZb0nernJZ45piKsh0E8GeA4Xiq2XR03NpL7oS9KMHyZkHx4Otripiqvfns0aVgvDP4Da6c7FEhPY8zJA==",
      "requires": {
        "@tonaljs/core": "^3.5.4"
      }
    },
    "@tonaljs/scale": {
      "version": "3.5.7",
      "resolved": "https://registry.npmjs.org/@tonaljs/scale/-/scale-3.5.7.tgz",
      "integrity": "sha512-VKhXD7bWv3M+ElTWc9nNq9m00LijoZ/j08FXudJKyMQjP1aZUvbNIgIyl2be3DPVtV0XEwLM8yOZa2QG3HeXDA==",
      "requires": {
        "@tonaljs/chord-type": "^3.5.6",
        "@tonaljs/collection": "^3.5.3",
        "@tonaljs/core": "^3.5.4",
        "@tonaljs/note": "^3.6.0",
        "@tonaljs/pcset": "^3.5.4",
        "@tonaljs/scale-type": "^3.5.5"
      }
    },
    "@tonaljs/scale-type": {
      "version": "3.5.5",
      "resolved": "https://registry.npmjs.org/@tonaljs/scale-type/-/scale-type-3.5.5.tgz",
      "integrity": "sha512-aRK4Yg/WUSmV/xEeqEMBjzHfHiY4ZDfW0POleTJ/VaprEsSwT6LOhr8bTHVRj6zXo4D1tyo6UDtrchfG32HYXw==",
      "requires": {
        "@tonaljs/core": "^3.5.4",
        "@tonaljs/pcset": "^3.5.4"
      }
    },
    "@tonaljs/time-signature": {
      "version": "3.6.3",
      "resolved": "https://registry.npmjs.org/@tonaljs/time-signature/-/time-signature-3.6.3.tgz",
      "integrity": "sha512-M1WNX6btgY53NDV6/aNZl6wAzRbjam3P2edSf1+ptZ0PZEayf/eCx8A0A2oXHFpOT+p/D2SV2EWGrTGtlu1E+Q=="
    },
    "@tonaljs/tonal": {
      "version": "4.0.2",
      "resolved": "https://registry.npmjs.org/@tonaljs/tonal/-/tonal-4.0.2.tgz",
      "integrity": "sha512-mg20Sz5Yg/mO1IbKFrPHlCzII7FkHf54VdzWFTNxWX7XfTkPLPh9JsS2IiDddmurDvEI5kzVYdDiZbCdNdLi7Q==",
      "requires": {
        "@tonaljs/abc-notation": "^3.5.5",
        "@tonaljs/array": "^3.2.9",
        "@tonaljs/chord": "^3.6.6",
        "@tonaljs/chord-type": "^3.5.6",
        "@tonaljs/collection": "^3.5.3",
        "@tonaljs/core": "^3.5.4",
        "@tonaljs/duration-value": "^3.6.3",
        "@tonaljs/interval": "^3.5.4",
        "@tonaljs/key": "^4.0.2",
        "@tonaljs/midi": "^3.5.4",
        "@tonaljs/mode": "^3.5.4",
        "@tonaljs/note": "^3.6.0",
        "@tonaljs/pcset": "^3.5.4",
        "@tonaljs/progression": "^3.5.8",
        "@tonaljs/range": "^3.5.4",
        "@tonaljs/roman-numeral": "^3.5.4",
        "@tonaljs/scale": "^3.5.7",
        "@tonaljs/scale-type": "^3.5.5",
        "@tonaljs/time-signature": "^3.6.3"
      }
    },
    "@types/prop-types": {
      "version": "15.7.3",
      "resolved": "https://registry.npmjs.org/@types/prop-types/-/prop-types-15.7.3.tgz",
      "integrity": "sha512-KfRL3PuHmqQLOG+2tGpRO26Ctg+Cq1E01D2DMriKEATHgWLfeNDmq9e29Q9WIky0dQ3NPkd1mzYH8Lm936Z9qw==",
      "dev": true
    },
    "@types/react": {
      "version": "16.9.43",
      "resolved": "https://registry.npmjs.org/@types/react/-/react-16.9.43.tgz",
      "integrity": "sha512-PxshAFcnJqIWYpJbLPriClH53Z2WlJcVZE+NP2etUtWQs2s7yIMj3/LDKZT/5CHJ/F62iyjVCDu2H3jHEXIxSg==",
      "dev": true,
      "requires": {
        "@types/prop-types": "*",
        "csstype": "^2.2.0"
      }
    },
    "csstype": {
      "version": "2.6.11",
      "resolved": "https://registry.npmjs.org/csstype/-/csstype-2.6.11.tgz",
      "integrity": "sha512-l8YyEC9NBkSm783PFTvh0FmJy7s5pFKrDp49ZL7zBGX3fWkO+N4EEyan1qqp8cwPLDcD0OSdyY6hAMoxp34JFw==",
      "dev": true
    },
    "js-tokens": {
      "version": "4.0.0",
      "resolved": "https://registry.npmjs.org/js-tokens/-/js-tokens-4.0.0.tgz",
      "integrity": "sha512-RdJUflcE3cUzKiMqQgsCu06FPu9UdIJO0beYbPhHN4k6apgJtifcoCtT9bcxOpYBtpD2kCM6Sbzg4CausW/PKQ=="
    },
    "loose-envify": {
      "version": "1.4.0",
      "resolved": "https://registry.npmjs.org/loose-envify/-/loose-envify-1.4.0.tgz",
      "integrity": "sha512-lyuxPGr/Wfhrlem2CL/UcnUc1zcqKAImBDzukY7Y5F/yQiNdko6+fRLevlw1HgMySw7f611UIY408EtxRSoK3Q==",
      "requires": {
        "js-tokens": "^3.0.0 || ^4.0.0"
      }
    },
    "object-assign": {
      "version": "4.1.1",
      "resolved": "https://registry.npmjs.org/object-assign/-/object-assign-4.1.1.tgz",
      "integrity": "sha1-IQmtx5ZYh8/AXLvUQsrIv7s2CGM="
    },
    "prop-types": {
      "version": "15.7.2",
      "resolved": "https://registry.npmjs.org/prop-types/-/prop-types-15.7.2.tgz",
      "integrity": "sha512-8QQikdH7//R2vurIJSutZ1smHYTcLpRWEOlHnzcWHmBYrOGUysKwSsrC89BCiFj3CbrfJ/nXFdJepOVrY1GCHQ==",
      "requires": {
        "loose-envify": "^1.4.0",
        "object-assign": "^4.1.1",
        "react-is": "^16.8.1"
      }
    },
    "react": {
      "version": "16.13.1",
      "resolved": "https://registry.npmjs.org/react/-/react-16.13.1.tgz",
      "integrity": "sha512-YMZQQq32xHLX0bz5Mnibv1/LHb3Sqzngu7xstSM+vrkE5Kzr9xE0yMByK5kMoTK30YVJE61WfbxIFFvfeDKT1w==",
      "requires": {
        "loose-envify": "^1.1.0",
        "object-assign": "^4.1.1",
        "prop-types": "^15.6.2"
      }
    },
    "react-is": {
      "version": "16.13.1",
      "resolved": "https://registry.npmjs.org/react-is/-/react-is-16.13.1.tgz",
      "integrity": "sha512-24e6ynE2H+OKt4kqsOvNd8kBpV65zoxbA4BVsEOB3ARVWQki/DHzaUoC5KuON/BiccDaCCTZBuOcfZs70kR8bQ=="
    }
  }
}
